// !$*UTF8*$!
{
	archiveVersion = 1;
	classes = {
	};
	objectVersion = 46;
	objects = {

/* Begin PBXBuildFile section */
		8635B97EDF4C4D61A4C4DC13 /* libPods.a in Frameworks */ = {isa = PBXBuildFile; fileRef = 00839AF424F841008C20A7F4 /* libPods.a */; };
		E74E586619595C2500D262F0 /* HMOSQEditViewController.m in Sources */ = {isa = PBXBuildFile; fileRef = E74E586419595C2500D262F0 /* HMOSQEditViewController.m */; };
		E74E586719595C2500D262F0 /* HMOSQEditViewController.xib in Resources */ = {isa = PBXBuildFile; fileRef = E74E586519595C2500D262F0 /* HMOSQEditViewController.xib */; };
		E74E58AC195BD52100D262F0 /* QuartzCore.framework in Frameworks */ = {isa = PBXBuildFile; fileRef = E74E58AB195BD52100D262F0 /* QuartzCore.framework */; };
		E74E58AE195BD52B00D262F0 /* Accelerate.framework in Frameworks */ = {isa = PBXBuildFile; fileRef = E74E58AD195BD52B00D262F0 /* Accelerate.framework */; };
		E74E58C51961180200D262F0 /* HMOSQPlotView.m in Sources */ = {isa = PBXBuildFile; fileRef = E74E58C41961180200D262F0 /* HMOSQPlotView.m */; };
		E77A1822196133DE00DB677A /* HMOSQOptionViewController.m in Sources */ = {isa = PBXBuildFile; fileRef = E77A1820196133DE00DB677A /* HMOSQOptionViewController.m */; };
		E77A1823196133DE00DB677A /* HMOSQOptionViewController.xib in Resources */ = {isa = PBXBuildFile; fileRef = E77A1821196133DE00DB677A /* HMOSQOptionViewController.xib */; };
		E77A182919626BF100DB677A /* icon120.png in Resources */ = {isa = PBXBuildFile; fileRef = E77A182619626BF100DB677A /* icon120.png */; };
		E77A182A19626BF100DB677A /* iconm.png in Resources */ = {isa = PBXBuildFile; fileRef = E77A182719626BF100DB677A /* iconm.png */; };
		E77A182B19626BF100DB677A /* belka.jpg in Resources */ = {isa = PBXBuildFile; fileRef = E77A182819626BF100DB677A /* belka.jpg */; };
		E78E58561951477700C4AA9F /* Foundation.framework in Frameworks */ = {isa = PBXBuildFile; fileRef = E78E58551951477700C4AA9F /* Foundation.framework */; };
		E78E58581951477700C4AA9F /* CoreGraphics.framework in Frameworks */ = {isa = PBXBuildFile; fileRef = E78E58571951477700C4AA9F /* CoreGraphics.framework */; };
		E78E585A1951477800C4AA9F /* UIKit.framework in Frameworks */ = {isa = PBXBuildFile; fileRef = E78E58591951477800C4AA9F /* UIKit.framework */; };
		E78E585C1951477800C4AA9F /* CoreData.framework in Frameworks */ = {isa = PBXBuildFile; fileRef = E78E585B1951477800C4AA9F /* CoreData.framework */; };
		E78E58621951477800C4AA9F /* InfoPlist.strings in Resources */ = {isa = PBXBuildFile; fileRef = E78E58601951477800C4AA9F /* InfoPlist.strings */; };
		E78E58641951477800C4AA9F /* main.m in Sources */ = {isa = PBXBuildFile; fileRef = E78E58631951477800C4AA9F /* main.m */; };
		E78E58681951477800C4AA9F /* HMOSQAppDelegate.m in Sources */ = {isa = PBXBuildFile; fileRef = E78E58671951477800C4AA9F /* HMOSQAppDelegate.m */; };
		E78E586B1951477800C4AA9F /* how_many_squirrels.xcdatamodeld in Sources */ = {isa = PBXBuildFile; fileRef = E78E58691951477800C4AA9F /* how_many_squirrels.xcdatamodeld */; };
		E78E586D1951477800C4AA9F /* Images.xcassets in Resources */ = {isa = PBXBuildFile; fileRef = E78E586C1951477800C4AA9F /* Images.xcassets */; };
		E78E58741951477800C4AA9F /* XCTest.framework in Frameworks */ = {isa = PBXBuildFile; fileRef = E78E58731951477800C4AA9F /* XCTest.framework */; };
		E78E58751951477800C4AA9F /* Foundation.framework in Frameworks */ = {isa = PBXBuildFile; fileRef = E78E58551951477700C4AA9F /* Foundation.framework */; };
		E78E58761951477800C4AA9F /* UIKit.framework in Frameworks */ = {isa = PBXBuildFile; fileRef = E78E58591951477800C4AA9F /* UIKit.framework */; };
		E78E58771951477800C4AA9F /* CoreData.framework in Frameworks */ = {isa = PBXBuildFile; fileRef = E78E585B1951477800C4AA9F /* CoreData.framework */; };
		E78E587F1951477800C4AA9F /* InfoPlist.strings in Resources */ = {isa = PBXBuildFile; fileRef = E78E587D1951477800C4AA9F /* InfoPlist.strings */; };
		E78E58811951477800C4AA9F /* how_many_squirrelsTests.m in Sources */ = {isa = PBXBuildFile; fileRef = E78E58801951477800C4AA9F /* how_many_squirrelsTests.m */; };
		E78E588D19514BF000C4AA9F /* HMOSQMainViewController.m in Sources */ = {isa = PBXBuildFile; fileRef = E78E588B19514BF000C4AA9F /* HMOSQMainViewController.m */; };
		E78E588E19514BF000C4AA9F /* HMOSQMainViewController.xib in Resources */ = {isa = PBXBuildFile; fileRef = E78E588C19514BF000C4AA9F /* HMOSQMainViewController.xib */; };
		E78E589219515A2D00C4AA9F /* HMOSQEnterViewController.m in Sources */ = {isa = PBXBuildFile; fileRef = E78E589019515A2D00C4AA9F /* HMOSQEnterViewController.m */; };
		E78E589319515A2D00C4AA9F /* HMOSQEnterViewController.xib in Resources */ = {isa = PBXBuildFile; fileRef = E78E589119515A2D00C4AA9F /* HMOSQEnterViewController.xib */; };
		E78E58DB1951823900C4AA9F /* HMOSQPlotViewController.m in Sources */ = {isa = PBXBuildFile; fileRef = E78E58D91951823900C4AA9F /* HMOSQPlotViewController.m */; };
		E78E58DC1951823900C4AA9F /* HMOSQPlotViewController.xib in Resources */ = {isa = PBXBuildFile; fileRef = E78E58DA1951823900C4AA9F /* HMOSQPlotViewController.xib */; };
		E78E58E01951864F00C4AA9F /* HMOSQTableViewController.m in Sources */ = {isa = PBXBuildFile; fileRef = E78E58DE1951864F00C4AA9F /* HMOSQTableViewController.m */; };
		E78E58E11951864F00C4AA9F /* HMOSQTableViewController.xib in Resources */ = {isa = PBXBuildFile; fileRef = E78E58DF1951864F00C4AA9F /* HMOSQTableViewController.xib */; };
		E78E59301952B01600C4AA9F /* HMOSQInfo.m in Sources */ = {isa = PBXBuildFile; fileRef = E78E592F1952B01600C4AA9F /* HMOSQInfo.m */; };
/* End PBXBuildFile section */

/* Begin PBXContainerItemProxy section */
		E78E58781951477800C4AA9F /* PBXContainerItemProxy */ = {
			isa = PBXContainerItemProxy;
			containerPortal = E78E584A1951477700C4AA9F /* Project object */;
			proxyType = 1;
			remoteGlobalIDString = E78E58511951477700C4AA9F;
			remoteInfo = how_many_squirrels;
		};
/* End PBXContainerItemProxy section */

/* Begin PBXFileReference section */
		00839AF424F841008C20A7F4 /* libPods.a */ = {isa = PBXFileReference; explicitFileType = archive.ar; includeInIndex = 0; path = libPods.a; sourceTree = BUILT_PRODUCTS_DIR; };
		C61C13EAD83F44C4A2A7327F /* Pods.xcconfig */ = {isa = PBXFileReference; includeInIndex = 1; lastKnownFileType = text.xcconfig; name = Pods.xcconfig; path = Pods/Pods.xcconfig; sourceTree = "<group>"; };
		E74E586319595C2500D262F0 /* HMOSQEditViewController.h */ = {isa = PBXFileReference; fileEncoding = 4; lastKnownFileType = sourcecode.c.h; path = HMOSQEditViewController.h; sourceTree = "<group>"; };
		E74E586419595C2500D262F0 /* HMOSQEditViewController.m */ = {isa = PBXFileReference; fileEncoding = 4; lastKnownFileType = sourcecode.c.objc; path = HMOSQEditViewController.m; sourceTree = "<group>"; };
		E74E586519595C2500D262F0 /* HMOSQEditViewController.xib */ = {isa = PBXFileReference; fileEncoding = 4; lastKnownFileType = file.xib; path = HMOSQEditViewController.xib; sourceTree = "<group>"; };
		E74E58AB195BD52100D262F0 /* QuartzCore.framework */ = {isa = PBXFileReference; lastKnownFileType = wrapper.framework; name = QuartzCore.framework; path = System/Library/Frameworks/QuartzCore.framework; sourceTree = SDKROOT; };
		E74E58AD195BD52B00D262F0 /* Accelerate.framework */ = {isa = PBXFileReference; lastKnownFileType = wrapper.framework; name = Accelerate.framework; path = System/Library/Frameworks/Accelerate.framework; sourceTree = SDKROOT; };
		E74E58C31961180200D262F0 /* HMOSQPlotView.h */ = {isa = PBXFileReference; fileEncoding = 4; lastKnownFileType = sourcecode.c.h; path = HMOSQPlotView.h; sourceTree = "<group>"; };
		E74E58C41961180200D262F0 /* HMOSQPlotView.m */ = {isa = PBXFileReference; fileEncoding = 4; lastKnownFileType = sourcecode.c.objc; path = HMOSQPlotView.m; sourceTree = "<group>"; };
		E77A181F196133DE00DB677A /* HMOSQOptionViewController.h */ = {isa = PBXFileReference; fileEncoding = 4; lastKnownFileType = sourcecode.c.h; path = HMOSQOptionViewController.h; sourceTree = "<group>"; };
		E77A1820196133DE00DB677A /* HMOSQOptionViewController.m */ = {isa = PBXFileReference; fileEncoding = 4; lastKnownFileType = sourcecode.c.objc; path = HMOSQOptionViewController.m; sourceTree = "<group>"; };
		E77A1821196133DE00DB677A /* HMOSQOptionViewController.xib */ = {isa = PBXFileReference; fileEncoding = 4; lastKnownFileType = file.xib; path = HMOSQOptionViewController.xib; sourceTree = "<group>"; };
		E77A182619626BF100DB677A /* icon120.png */ = {isa = PBXFileReference; lastKnownFileType = image.png; path = icon120.png; sourceTree = "<group>"; };
		E77A182719626BF100DB677A /* iconm.png */ = {isa = PBXFileReference; lastKnownFileType = image.png; path = iconm.png; sourceTree = "<group>"; };
		E77A182819626BF100DB677A /* belka.jpg */ = {isa = PBXFileReference; lastKnownFileType = image.jpeg; path = belka.jpg; sourceTree = "<group>"; };
		E78E58521951477700C4AA9F /* how_many_squirrels.app */ = {isa = PBXFileReference; explicitFileType = wrapper.application; includeInIndex = 0; path = how_many_squirrels.app; sourceTree = BUILT_PRODUCTS_DIR; };
		E78E58551951477700C4AA9F /* Foundation.framework */ = {isa = PBXFileReference; lastKnownFileType = wrapper.framework; name = Foundation.framework; path = System/Library/Frameworks/Foundation.framework; sourceTree = SDKROOT; };
		E78E58571951477700C4AA9F /* CoreGraphics.framework */ = {isa = PBXFileReference; lastKnownFileType = wrapper.framework; name = CoreGraphics.framework; path = System/Library/Frameworks/CoreGraphics.framework; sourceTree = SDKROOT; };
		E78E58591951477800C4AA9F /* UIKit.framework */ = {isa = PBXFileReference; lastKnownFileType = wrapper.framework; name = UIKit.framework; path = System/Library/Frameworks/UIKit.framework; sourceTree = SDKROOT; };
		E78E585B1951477800C4AA9F /* CoreData.framework */ = {isa = PBXFileReference; lastKnownFileType = wrapper.framework; name = CoreData.framework; path = System/Library/Frameworks/CoreData.framework; sourceTree = SDKROOT; };
		E78E585F1951477800C4AA9F /* how_many_squirrels-Info.plist */ = {isa = PBXFileReference; lastKnownFileType = text.plist.xml; path = "how_many_squirrels-Info.plist"; sourceTree = "<group>"; };
		E78E58611951477800C4AA9F /* en */ = {isa = PBXFileReference; lastKnownFileType = text.plist.strings; name = en; path = en.lproj/InfoPlist.strings; sourceTree = "<group>"; };
		E78E58631951477800C4AA9F /* main.m */ = {isa = PBXFileReference; lastKnownFileType = sourcecode.c.objc; path = main.m; sourceTree = "<group>"; };
		E78E58651951477800C4AA9F /* how_many_squirrels-Prefix.pch */ = {isa = PBXFileReference; lastKnownFileType = sourcecode.c.h; path = "how_many_squirrels-Prefix.pch"; sourceTree = "<group>"; };
		E78E58661951477800C4AA9F /* HMOSQAppDelegate.h */ = {isa = PBXFileReference; lastKnownFileType = sourcecode.c.h; path = HMOSQAppDelegate.h; sourceTree = "<group>"; };
		E78E58671951477800C4AA9F /* HMOSQAppDelegate.m */ = {isa = PBXFileReference; lastKnownFileType = sourcecode.c.objc; path = HMOSQAppDelegate.m; sourceTree = "<group>"; };
		E78E586A1951477800C4AA9F /* how_many_squirrels.xcdatamodel */ = {isa = PBXFileReference; lastKnownFileType = wrapper.xcdatamodel; path = how_many_squirrels.xcdatamodel; sourceTree = "<group>"; };
		E78E586C1951477800C4AA9F /* Images.xcassets */ = {isa = PBXFileReference; lastKnownFileType = folder.assetcatalog; path = Images.xcassets; sourceTree = "<group>"; };
		E78E58721951477800C4AA9F /* how_many_squirrelsTests.xctest */ = {isa = PBXFileReference; explicitFileType = wrapper.cfbundle; includeInIndex = 0; path = how_many_squirrelsTests.xctest; sourceTree = BUILT_PRODUCTS_DIR; };
		E78E58731951477800C4AA9F /* XCTest.framework */ = {isa = PBXFileReference; lastKnownFileType = wrapper.framework; name = XCTest.framework; path = Library/Frameworks/XCTest.framework; sourceTree = DEVELOPER_DIR; };
		E78E587C1951477800C4AA9F /* how_many_squirrelsTests-Info.plist */ = {isa = PBXFileReference; lastKnownFileType = text.plist.xml; path = "how_many_squirrelsTests-Info.plist"; sourceTree = "<group>"; };
		E78E587E1951477800C4AA9F /* en */ = {isa = PBXFileReference; lastKnownFileType = text.plist.strings; name = en; path = en.lproj/InfoPlist.strings; sourceTree = "<group>"; };
		E78E58801951477800C4AA9F /* how_many_squirrelsTests.m */ = {isa = PBXFileReference; lastKnownFileType = sourcecode.c.objc; path = how_many_squirrelsTests.m; sourceTree = "<group>"; };
		E78E588A19514BF000C4AA9F /* HMOSQMainViewController.h */ = {isa = PBXFileReference; fileEncoding = 4; lastKnownFileType = sourcecode.c.h; path = HMOSQMainViewController.h; sourceTree = "<group>"; };
		E78E588B19514BF000C4AA9F /* HMOSQMainViewController.m */ = {isa = PBXFileReference; fileEncoding = 4; lastKnownFileType = sourcecode.c.objc; path = HMOSQMainViewController.m; sourceTree = "<group>"; };
		E78E588C19514BF000C4AA9F /* HMOSQMainViewController.xib */ = {isa = PBXFileReference; fileEncoding = 4; lastKnownFileType = file.xib; path = HMOSQMainViewController.xib; sourceTree = "<group>"; };
		E78E588F19515A2D00C4AA9F /* HMOSQEnterViewController.h */ = {isa = PBXFileReference; fileEncoding = 4; lastKnownFileType = sourcecode.c.h; path = HMOSQEnterViewController.h; sourceTree = "<group>"; };
		E78E589019515A2D00C4AA9F /* HMOSQEnterViewController.m */ = {isa = PBXFileReference; fileEncoding = 4; lastKnownFileType = sourcecode.c.objc; path = HMOSQEnterViewController.m; sourceTree = "<group>"; };
		E78E589119515A2D00C4AA9F /* HMOSQEnterViewController.xib */ = {isa = PBXFileReference; fileEncoding = 4; lastKnownFileType = file.xib; path = HMOSQEnterViewController.xib; sourceTree = "<group>"; };
		E78E58D81951823900C4AA9F /* HMOSQPlotViewController.h */ = {isa = PBXFileReference; fileEncoding = 4; lastKnownFileType = sourcecode.c.h; path = HMOSQPlotViewController.h; sourceTree = "<group>"; };
		E78E58D91951823900C4AA9F /* HMOSQPlotViewController.m */ = {isa = PBXFileReference; fileEncoding = 4; lastKnownFileType = sourcecode.c.objc; path = HMOSQPlotViewController.m; sourceTree = "<group>"; };
		E78E58DA1951823900C4AA9F /* HMOSQPlotViewController.xib */ = {isa = PBXFileReference; fileEncoding = 4; lastKnownFileType = file.xib; path = HMOSQPlotViewController.xib; sourceTree = "<group>"; };
		E78E58DD1951864F00C4AA9F /* HMOSQTableViewController.h */ = {isa = PBXFileReference; fileEncoding = 4; lastKnownFileType = sourcecode.c.h; path = HMOSQTableViewController.h; sourceTree = "<group>"; };
		E78E58DE1951864F00C4AA9F /* HMOSQTableViewController.m */ = {isa = PBXFileReference; fileEncoding = 4; lastKnownFileType = sourcecode.c.objc; path = HMOSQTableViewController.m; sourceTree = "<group>"; };
		E78E58DF1951864F00C4AA9F /* HMOSQTableViewController.xib */ = {isa = PBXFileReference; fileEncoding = 4; lastKnownFileType = file.xib; path = HMOSQTableViewController.xib; sourceTree = "<group>"; };
		E78E592E1952B01600C4AA9F /* HMOSQInfo.h */ = {isa = PBXFileReference; fileEncoding = 4; lastKnownFileType = sourcecode.c.h; path = HMOSQInfo.h; sourceTree = "<group>"; };
		E78E592F1952B01600C4AA9F /* HMOSQInfo.m */ = {isa = PBXFileReference; fileEncoding = 4; lastKnownFileType = sourcecode.c.objc; path = HMOSQInfo.m; sourceTree = "<group>"; };
/* End PBXFileReference section */

/* Begin PBXFrameworksBuildPhase section */
		E78E584F1951477700C4AA9F /* Frameworks */ = {
			isa = PBXFrameworksBuildPhase;
			buildActionMask = 2147483647;
			files = (
				E74E58AE195BD52B00D262F0 /* Accelerate.framework in Frameworks */,
				E74E58AC195BD52100D262F0 /* QuartzCore.framework in Frameworks */,
				E78E58581951477700C4AA9F /* CoreGraphics.framework in Frameworks */,
				E78E585C1951477800C4AA9F /* CoreData.framework in Frameworks */,
				E78E585A1951477800C4AA9F /* UIKit.framework in Frameworks */,
				E78E58561951477700C4AA9F /* Foundation.framework in Frameworks */,
				8635B97EDF4C4D61A4C4DC13 /* libPods.a in Frameworks */,
			);
			runOnlyForDeploymentPostprocessing = 0;
		};
		E78E586F1951477800C4AA9F /* Frameworks */ = {
			isa = PBXFrameworksBuildPhase;
			buildActionMask = 2147483647;
			files = (
				E78E58741951477800C4AA9F /* XCTest.framework in Frameworks */,
				E78E58771951477800C4AA9F /* CoreData.framework in Frameworks */,
				E78E58761951477800C4AA9F /* UIKit.framework in Frameworks */,
				E78E58751951477800C4AA9F /* Foundation.framework in Frameworks */,
			);
			runOnlyForDeploymentPostprocessing = 0;
		};
/* End PBXFrameworksBuildPhase section */

/* Begin PBXGroup section */
		E74EDB9C1952B9D2004466CA /* Classes */ = {
			isa = PBXGroup;
			children = (
				E78E592E1952B01600C4AA9F /* HMOSQInfo.h */,
				E78E592F1952B01600C4AA9F /* HMOSQInfo.m */,
				E78E58661951477800C4AA9F /* HMOSQAppDelegate.h */,
				E78E58671951477800C4AA9F /* HMOSQAppDelegate.m */,
			);
			name = Classes;
			sourceTree = "<group>";
		};
		E78E58491951477700C4AA9F = {
			isa = PBXGroup;
			children = (
				E78E585D1951477800C4AA9F /* how_many_squirrels */,
				E78E587A1951477800C4AA9F /* how_many_squirrelsTests */,
				E78E58541951477700C4AA9F /* Frameworks */,
				E78E58531951477700C4AA9F /* Products */,
				C61C13EAD83F44C4A2A7327F /* Pods.xcconfig */,
			);
			sourceTree = "<group>";
		};
		E78E58531951477700C4AA9F /* Products */ = {
			isa = PBXGroup;
			children = (
				E78E58521951477700C4AA9F /* how_many_squirrels.app */,
				E78E58721951477800C4AA9F /* how_many_squirrelsTests.xctest */,
			);
			name = Products;
			sourceTree = "<group>";
		};
		E78E58541951477700C4AA9F /* Frameworks */ = {
			isa = PBXGroup;
			children = (
				E74E58AD195BD52B00D262F0 /* Accelerate.framework */,
				E74E58AB195BD52100D262F0 /* QuartzCore.framework */,
				E78E58551951477700C4AA9F /* Foundation.framework */,
				E78E58571951477700C4AA9F /* CoreGraphics.framework */,
				E78E58591951477800C4AA9F /* UIKit.framework */,
				E78E585B1951477800C4AA9F /* CoreData.framework */,
				E78E58731951477800C4AA9F /* XCTest.framework */,
				00839AF424F841008C20A7F4 /* libPods.a */,
			);
			name = Frameworks;
			sourceTree = "<group>";
		};
		E78E585D1951477800C4AA9F /* how_many_squirrels */ = {
			isa = PBXGroup;
			children = (
				E77A182619626BF100DB677A /* icon120.png */,
				E77A182719626BF100DB677A /* iconm.png */,
				E77A182819626BF100DB677A /* belka.jpg */,
				E74EDB9C1952B9D2004466CA /* Classes */,
				E78E58E319518F9400C4AA9F /* Interface */,
				E78E585E1951477800C4AA9F /* Supporting Files */,
			);
			path = how_many_squirrels;
			sourceTree = "<group>";
		};
		E78E585E1951477800C4AA9F /* Supporting Files */ = {
			isa = PBXGroup;
			children = (
				E78E58691951477800C4AA9F /* how_many_squirrels.xcdatamodeld */,
				E78E586C1951477800C4AA9F /* Images.xcassets */,
				E78E585F1951477800C4AA9F /* how_many_squirrels-Info.plist */,
				E78E58601951477800C4AA9F /* InfoPlist.strings */,
				E78E58631951477800C4AA9F /* main.m */,
				E78E58651951477800C4AA9F /* how_many_squirrels-Prefix.pch */,
			);
			name = "Supporting Files";
			sourceTree = "<group>";
		};
		E78E587A1951477800C4AA9F /* how_many_squirrelsTests */ = {
			isa = PBXGroup;
			children = (
				E78E58801951477800C4AA9F /* how_many_squirrelsTests.m */,
				E78E587B1951477800C4AA9F /* Supporting Files */,
			);
			path = how_many_squirrelsTests;
			sourceTree = "<group>";
		};
		E78E587B1951477800C4AA9F /* Supporting Files */ = {
			isa = PBXGroup;
			children = (
				E78E587C1951477800C4AA9F /* how_many_squirrelsTests-Info.plist */,
				E78E587D1951477800C4AA9F /* InfoPlist.strings */,
			);
			name = "Supporting Files";
			sourceTree = "<group>";
		};
		E78E58E319518F9400C4AA9F /* Interface */ = {
			isa = PBXGroup;
			children = (
				E78E588C19514BF000C4AA9F /* HMOSQMainViewController.xib */,
				E77A181F196133DE00DB677A /* HMOSQOptionViewController.h */,
				E77A1820196133DE00DB677A /* HMOSQOptionViewController.m */,
				E77A1821196133DE00DB677A /* HMOSQOptionViewController.xib */,
				E78E589119515A2D00C4AA9F /* HMOSQEnterViewController.xib */,
				E78E58DA1951823900C4AA9F /* HMOSQPlotViewController.xib */,
				E78E58DF1951864F00C4AA9F /* HMOSQTableViewController.xib */,
				E74E586519595C2500D262F0 /* HMOSQEditViewController.xib */,
				E78E588B19514BF000C4AA9F /* HMOSQMainViewController.m */,
				E78E588A19514BF000C4AA9F /* HMOSQMainViewController.h */,
				E78E588F19515A2D00C4AA9F /* HMOSQEnterViewController.h */,
				E78E589019515A2D00C4AA9F /* HMOSQEnterViewController.m */,
				E78E58D81951823900C4AA9F /* HMOSQPlotViewController.h */,
				E78E58D91951823900C4AA9F /* HMOSQPlotViewController.m */,
				E74E58C31961180200D262F0 /* HMOSQPlotView.h */,
				E74E58C41961180200D262F0 /* HMOSQPlotView.m */,
				E78E58DD1951864F00C4AA9F /* HMOSQTableViewController.h */,
				E78E58DE1951864F00C4AA9F /* HMOSQTableViewController.m */,
				E74E586319595C2500D262F0 /* HMOSQEditViewController.h */,
				E74E586419595C2500D262F0 /* HMOSQEditViewController.m */,
			);
			name = Interface;
			sourceTree = "<group>";
		};
/* End PBXGroup section */

/* Begin PBXNativeTarget section */
		E78E58511951477700C4AA9F /* how_many_squirrels */ = {
			isa = PBXNativeTarget;
			buildConfigurationList = E78E58841951477800C4AA9F /* Build configuration list for PBXNativeTarget "how_many_squirrels" */;
			buildPhases = (
				F47019B54432458B8075620D /* Check Pods Manifest.lock */,
				E78E584E1951477700C4AA9F /* Sources */,
				E78E584F1951477700C4AA9F /* Frameworks */,
				E78E58501951477700C4AA9F /* Resources */,
				98193F274C6F4123B21F0CE7 /* Copy Pods Resources */,
			);
			buildRules = (
			);
			dependencies = (
			);
			name = how_many_squirrels;
			productName = how_many_squirrels;
			productReference = E78E58521951477700C4AA9F /* how_many_squirrels.app */;
			productType = "com.apple.product-type.application";
		};
		E78E58711951477800C4AA9F /* how_many_squirrelsTests */ = {
			isa = PBXNativeTarget;
			buildConfigurationList = E78E58871951477800C4AA9F /* Build configuration list for PBXNativeTarget "how_many_squirrelsTests" */;
			buildPhases = (
				E78E586E1951477800C4AA9F /* Sources */,
				E78E586F1951477800C4AA9F /* Frameworks */,
				E78E58701951477800C4AA9F /* Resources */,
			);
			buildRules = (
			);
			dependencies = (
				E78E58791951477800C4AA9F /* PBXTargetDependency */,
			);
			name = how_many_squirrelsTests;
			productName = how_many_squirrelsTests;
			productReference = E78E58721951477800C4AA9F /* how_many_squirrelsTests.xctest */;
			productType = "com.apple.product-type.bundle.unit-test";
		};
/* End PBXNativeTarget section */

/* Begin PBXProject section */
		E78E584A1951477700C4AA9F /* Project object */ = {
			isa = PBXProject;
			attributes = {
				CLASSPREFIX = HMOSQ;
				LastUpgradeCheck = 0510;
				ORGANIZATIONNAME = TomskSoft;
				TargetAttributes = {
					E78E58711951477800C4AA9F = {
						TestTargetID = E78E58511951477700C4AA9F;
					};
				};
			};
			buildConfigurationList = E78E584D1951477700C4AA9F /* Build configuration list for PBXProject "how_many_squirrels" */;
			compatibilityVersion = "Xcode 3.2";
			developmentRegion = English;
			hasScannedForEncodings = 0;
			knownRegions = (
				en,
			);
			mainGroup = E78E58491951477700C4AA9F;
			productRefGroup = E78E58531951477700C4AA9F /* Products */;
			projectDirPath = "";
			projectRoot = "";
			targets = (
				E78E58511951477700C4AA9F /* how_many_squirrels */,
				E78E58711951477800C4AA9F /* how_many_squirrelsTests */,
			);
		};
/* End PBXProject section */

/* Begin PBXResourcesBuildPhase section */
		E78E58501951477700C4AA9F /* Resources */ = {
			isa = PBXResourcesBuildPhase;
			buildActionMask = 2147483647;
			files = (
				E78E58621951477800C4AA9F /* InfoPlist.strings in Resources */,
				E78E586D1951477800C4AA9F /* Images.xcassets in Resources */,
				E78E589319515A2D00C4AA9F /* HMOSQEnterViewController.xib in Resources */,
				E78E58DC1951823900C4AA9F /* HMOSQPlotViewController.xib in Resources */,
				E78E58E11951864F00C4AA9F /* HMOSQTableViewController.xib in Resources */,
				E78E588E19514BF000C4AA9F /* HMOSQMainViewController.xib in Resources */,
				E77A1823196133DE00DB677A /* HMOSQOptionViewController.xib in Resources */,
				E74E586719595C2500D262F0 /* HMOSQEditViewController.xib in Resources */,
				E77A182A19626BF100DB677A /* iconm.png in Resources */,
				E77A182B19626BF100DB677A /* belka.jpg in Resources */,
				E77A182919626BF100DB677A /* icon120.png in Resources */,
			);
			runOnlyForDeploymentPostprocessing = 0;
		};
		E78E58701951477800C4AA9F /* Resources */ = {
			isa = PBXResourcesBuildPhase;
			buildActionMask = 2147483647;
			files = (
				E78E587F1951477800C4AA9F /* InfoPlist.strings in Resources */,
			);
			runOnlyForDeploymentPostprocessing = 0;
		};
/* End PBXResourcesBuildPhase section */

/* Begin PBXShellScriptBuildPhase section */
		98193F274C6F4123B21F0CE7 /* Copy Pods Resources */ = {
			isa = PBXShellScriptBuildPhase;
			buildActionMask = 2147483647;
			files = (
			);
			inputPaths = (
			);
			name = "Copy Pods Resources";
			outputPaths = (
			);
			runOnlyForDeploymentPostprocessing = 0;
			shellPath = /bin/sh;
			shellScript = "\"${SRCROOT}/Pods/Pods-resources.sh\"\n";
			showEnvVarsInLog = 0;
		};
		F47019B54432458B8075620D /* Check Pods Manifest.lock */ = {
			isa = PBXShellScriptBuildPhase;
			buildActionMask = 2147483647;
			files = (
			);
			inputPaths = (
			);
			name = "Check Pods Manifest.lock";
			outputPaths = (
			);
			runOnlyForDeploymentPostprocessing = 0;
			shellPath = /bin/sh;
			shellScript = "diff \"${PODS_ROOT}/../Podfile.lock\" \"${PODS_ROOT}/Manifest.lock\" > /dev/null\nif [[ $? != 0 ]] ; then\n    cat << EOM\nerror: The sandbox is not in sync with the Podfile.lock. Run 'pod install' or update your CocoaPods installation.\nEOM\n    exit 1\nfi\n";
			showEnvVarsInLog = 0;
		};
/* End PBXShellScriptBuildPhase section */

/* Begin PBXSourcesBuildPhase section */
		E78E584E1951477700C4AA9F /* Sources */ = {
			isa = PBXSourcesBuildPhase;
			buildActionMask = 2147483647;
			files = (
				E74E58C51961180200D262F0 /* HMOSQPlotView.m in Sources */,
				E77A1822196133DE00DB677A /* HMOSQOptionViewController.m in Sources */,
				E74E586619595C2500D262F0 /* HMOSQEditViewController.m in Sources */,
				E78E589219515A2D00C4AA9F /* HMOSQEnterViewController.m in Sources */,
				E78E588D19514BF000C4AA9F /* HMOSQMainViewController.m in Sources */,
				E78E59301952B01600C4AA9F /* HMOSQInfo.m in Sources */,
				E78E58DB1951823900C4AA9F /* HMOSQPlotViewController.m in Sources */,
				E78E58641951477800C4AA9F /* main.m in Sources */,
				E78E58681951477800C4AA9F /* HMOSQAppDelegate.m in Sources */,
				E78E58E01951864F00C4AA9F /* HMOSQTableViewController.m in Sources */,
				E78E586B1951477800C4AA9F /* how_many_squirrels.xcdatamodeld in Sources */,
			);
			runOnlyForDeploymentPostprocessing = 0;
		};
		E78E586E1951477800C4AA9F /* Sources */ = {
			isa = PBXSourcesBuildPhase;
			buildActionMask = 2147483647;
			files = (
				E78E58811951477800C4AA9F /* how_many_squirrelsTests.m in Sources */,
			);
			runOnlyForDeploymentPostprocessing = 0;
		};
/* End PBXSourcesBuildPhase section */

/* Begin PBXTargetDependency section */
		E78E58791951477800C4AA9F /* PBXTargetDependency */ = {
			isa = PBXTargetDependency;
			target = E78E58511951477700C4AA9F /* how_many_squirrels */;
			targetProxy = E78E58781951477800C4AA9F /* PBXContainerItemProxy */;
		};
/* End PBXTargetDependency section */

/* Begin PBXVariantGroup section */
		E78E58601951477800C4AA9F /* InfoPlist.strings */ = {
			isa = PBXVariantGroup;
			children = (
				E78E58611951477800C4AA9F /* en */,
			);
			name = InfoPlist.strings;
			sourceTree = "<group>";
		};
		E78E587D1951477800C4AA9F /* InfoPlist.strings */ = {
			isa = PBXVariantGroup;
			children = (
				E78E587E1951477800C4AA9F /* en */,
			);
			name = InfoPlist.strings;
			sourceTree = "<group>";
		};
/* End PBXVariantGroup section */

/* Begin XCBuildConfiguration section */
		E78E58821951477800C4AA9F /* Debug */ = {
			isa = XCBuildConfiguration;
			buildSettings = {
				ALWAYS_SEARCH_USER_PATHS = NO;
				CLANG_CXX_LANGUAGE_STANDARD = "gnu++0x";
				CLANG_CXX_LIBRARY = "libc++";
				CLANG_ENABLE_MODULES = YES;
				CLANG_ENABLE_OBJC_ARC = YES;
				CLANG_WARN_BOOL_CONVERSION = YES;
				CLANG_WARN_CONSTANT_CONVERSION = YES;
				CLANG_WARN_DIRECT_OBJC_ISA_USAGE = YES_ERROR;
				CLANG_WARN_EMPTY_BODY = YES;
				CLANG_WARN_ENUM_CONVERSION = YES;
				CLANG_WARN_INT_CONVERSION = YES;
				CLANG_WARN_OBJC_ROOT_CLASS = YES_ERROR;
				CLANG_WARN__DUPLICATE_METHOD_MATCH = YES;
				"CODE_SIGN_IDENTITY[sdk=iphoneos*]" = "iPhone Developer";
				COPY_PHASE_STRIP = NO;
				GCC_C_LANGUAGE_STANDARD = gnu99;
				GCC_DYNAMIC_NO_PIC = NO;
				GCC_OPTIMIZATION_LEVEL = 0;
				GCC_PREPROCESSOR_DEFINITIONS = (
					"DEBUG=1",
					"$(inherited)",
				);
				GCC_SYMBOLS_PRIVATE_EXTERN = NO;
				GCC_WARN_64_TO_32_BIT_CONVERSION = YES;
				GCC_WARN_ABOUT_RETURN_TYPE = YES_ERROR;
				GCC_WARN_UNDECLARED_SELECTOR = YES;
				GCC_WARN_UNINITIALIZED_AUTOS = YES_AGGRESSIVE;
				GCC_WARN_UNUSED_FUNCTION = YES;
				GCC_WARN_UNUSED_VARIABLE = YES;
				IPHONEOS_DEPLOYMENT_TARGET = 7.1;
				ONLY_ACTIVE_ARCH = YES;
				SDKROOT = iphoneos;
			};
			name = Debug;
		};
		E78E58831951477800C4AA9F /* Release */ = {
			isa = XCBuildConfiguration;
			buildSettings = {
				ALWAYS_SEARCH_USER_PATHS = NO;
				CLANG_CXX_LANGUAGE_STANDARD = "gnu++0x";
				CLANG_CXX_LIBRARY = "libc++";
				CLANG_ENABLE_MODULES = YES;
				CLANG_ENABLE_OBJC_ARC = YES;
				CLANG_WARN_BOOL_CONVERSION = YES;
				CLANG_WARN_CONSTANT_CONVERSION = YES;
				CLANG_WARN_DIRECT_OBJC_ISA_USAGE = YES_ERROR;
				CLANG_WARN_EMPTY_BODY = YES;
				CLANG_WARN_ENUM_CONVERSION = YES;
				CLANG_WARN_INT_CONVERSION = YES;
				CLANG_WARN_OBJC_ROOT_CLASS = YES_ERROR;
				CLANG_WARN__DUPLICATE_METHOD_MATCH = YES;
				"CODE_SIGN_IDENTITY[sdk=iphoneos*]" = "iPhone Developer";
				COPY_PHASE_STRIP = YES;
				ENABLE_NS_ASSERTIONS = NO;
				GCC_C_LANGUAGE_STANDARD = gnu99;
				GCC_WARN_64_TO_32_BIT_CONVERSION = YES;
				GCC_WARN_ABOUT_RETURN_TYPE = YES_ERROR;
				GCC_WARN_UNDECLARED_SELECTOR = YES;
				GCC_WARN_UNINITIALIZED_AUTOS = YES_AGGRESSIVE;
				GCC_WARN_UNUSED_FUNCTION = YES;
				GCC_WARN_UNUSED_VARIABLE = YES;
				IPHONEOS_DEPLOYMENT_TARGET = 7.1;
				SDKROOT = iphoneos;
				VALIDATE_PRODUCT = YES;
			};
			name = Release;
		};
		E78E58851951477800C4AA9F /* Debug */ = {
			isa = XCBuildConfiguration;
			baseConfigurationReference = C61C13EAD83F44C4A2A7327F /* Pods.xcconfig */;
			buildSettings = {
				ASSETCATALOG_COMPILER_APPICON_NAME = AppIcon;
				ASSETCATALOG_COMPILER_LAUNCHIMAGE_NAME = LaunchImage;
				CODE_SIGN_IDENTITY = "iPhone Developer";
				GCC_PRECOMPILE_PREFIX_HEADER = YES;
				GCC_PREFIX_HEADER = "how_many_squirrels/how_many_squirrels-Prefix.pch";
				INFOPLIST_FILE = "how_many_squirrels/how_many_squirrels-Info.plist";
				PRODUCT_NAME = "$(TARGET_NAME)";
				WRAPPER_EXTENSION = app;
			};
			name = Debug;
		};
		E78E58861951477800C4AA9F /* Release */ = {
			isa = XCBuildConfiguration;
			baseConfigurationReference = C61C13EAD83F44C4A2A7327F /* Pods.xcconfig */;
			buildSettings = {
				ASSETCATALOG_COMPILER_APPICON_NAME = AppIcon;
				ASSETCATALOG_COMPILER_LAUNCHIMAGE_NAME = LaunchImage;
				CODE_SIGN_IDENTITY = "iPhone Developer";
				GCC_PRECOMPILE_PREFIX_HEADER = YES;
				GCC_PREFIX_HEADER = "how_many_squirrels/how_many_squirrels-Prefix.pch";
				INFOPLIST_FILE = "how_many_squirrels/how_many_squirrels-Info.plist";
				PRODUCT_NAME = "$(TARGET_NAME)";
				WRAPPER_EXTENSION = app;
			};
			name = Release;
		};
		E78E58881951477800C4AA9F /* Debug */ = {
			isa = XCBuildConfiguration;
			buildSettings = {
				BUNDLE_LOADER = "$(BUILT_PRODUCTS_DIR)/how_many_squirrels.app/how_many_squirrels";
				FRAMEWORK_SEARCH_PATHS = (
					"$(SDKROOT)/Developer/Library/Frameworks",
					"$(inherited)",
					"$(DEVELOPER_FRAMEWORKS_DIR)",
				);
				GCC_PRECOMPILE_PREFIX_HEADER = YES;
				GCC_PREFIX_HEADER = "how_many_squirrels/how_many_squirrels-Prefix.pch";
				GCC_PREPROCESSOR_DEFINITIONS = (
					"DEBUG=1",
					"$(inherited)",
				);
				INFOPLIST_FILE = "how_many_squirrelsTests/how_many_squirrelsTests-Info.plist";
				PRODUCT_NAME = "$(TARGET_NAME)";
				TEST_HOST = "$(BUNDLE_LOADER)";
				WRAPPER_EXTENSION = xctest;
			};
			name = Debug;
		};
		E78E58891951477800C4AA9F /* Release */ = {
			isa = XCBuildConfiguration;
			buildSettings = {
				BUNDLE_LOADER = "$(BUILT_PRODUCTS_DIR)/how_many_squirrels.app/how_many_squirrels";
				FRAMEWORK_SEARCH_PATHS = (
					"$(SDKROOT)/Developer/Library/Frameworks",
					"$(inherited)",
					"$(DEVELOPER_FRAMEWORKS_DIR)",
				);
				GCC_PRECOMPILE_PREFIX_HEADER = YES;
				GCC_PREFIX_HEADER = "how_many_squirrels/how_many_squirrels-Prefix.pch";
				INFOPLIST_FILE = "how_many_squirrelsTests/how_many_squirrelsTests-Info.plist";
				PRODUCT_NAME = "$(TARGET_NAME)";
				TEST_HOST = "$(BUNDLE_LOADER)";
				WRAPPER_EXTENSION = xctest;
			};
			name = Release;
		};
/* End XCBuildConfiguration section */

/* Begin XCConfigurationList section */
		E78E584D1951477700C4AA9F /* Build configuration list for PBXProject "how_many_squirrels" */ = {
			isa = XCConfigurationList;
			buildConfigurations = (
				E78E58821951477800C4AA9F /* Debug */,
				E78E58831951477800C4AA9F /* Release */,
			);
			defaultConfigurationIsVisible = 0;
			defaultConfigurationName = Release;
		};
		E78E58841951477800C4AA9F /* Build configuration list for PBXNativeTarget "how_many_squirrels" */ = {
			isa = XCConfigurationList;
			buildConfigurations = (
				E78E58851951477800C4AA9F /* Debug */,
				E78E58861951477800C4AA9F /* Release */,
			);
			defaultConfigurationIsVisible = 0;
			defaultConfigurationName = Release;
		};
		E78E58871951477800C4AA9F /* Build configuration list for PBXNativeTarget "how_many_squirrelsTests" */ = {
			isa = XCConfigurationList;
			buildConfigurations = (
				E78E58881951477800C4AA9F /* Debug */,
				E78E58891951477800C4AA9F /* Release */,
			);
			defaultConfigurationIsVisible = 0;
			defaultConfigurationName = Release;
		};
/* End XCConfigurationList section */

/* Begin XCVersionGroup section */
		E78E58691951477800C4AA9F /* how_many_squirrels.xcdatamodeld */ = {
			isa = XCVersionGroup;
			children = (
				E78E586A1951477800C4AA9F /* how_many_squirrels.xcdatamodel */,
			);
			currentVersion = E78E586A1951477800C4AA9F /* how_many_squirrels.xcdatamodel */;
			path = how_many_squirrels.xcdatamodeld;
			sourceTree = "<group>";
			versionGroupType = wrapper.xcdatamodel;
		};
/* End XCVersionGroup section */
	};
	rootObject = E78E584A1951477700C4AA9F /* Project object */;
}
